// !$*UTF8*$!
{
	archiveVersion = 1;
	classes = {
	};
	objectVersion = 50;
	objects = {

/* Begin PBXBuildFile section */
		297120D7209701DC00ABDC01 /* typeOfInfectionViewController.swift in Sources */ = {isa = PBXBuildFile; fileRef = 297120D6209701DC00ABDC01 /* typeOfInfectionViewController.swift */; };
		297120D92097021600ABDC01 /* typeOfBoneInjuryViewController.swift in Sources */ = {isa = PBXBuildFile; fileRef = 297120D82097021600ABDC01 /* typeOfBoneInjuryViewController.swift */; };
		298D346C2090C7C5003A4F44 /* AppDelegate.swift in Sources */ = {isa = PBXBuildFile; fileRef = 298D346B2090C7C5003A4F44 /* AppDelegate.swift */; };
		298D346E2090C7C5003A4F44 /* ViewController.swift in Sources */ = {isa = PBXBuildFile; fileRef = 298D346D2090C7C5003A4F44 /* ViewController.swift */; };
		298D34712090C7C5003A4F44 /* Main.storyboard in Resources */ = {isa = PBXBuildFile; fileRef = 298D346F2090C7C5003A4F44 /* Main.storyboard */; };
		298D34732090C7C5003A4F44 /* Assets.xcassets in Resources */ = {isa = PBXBuildFile; fileRef = 298D34722090C7C5003A4F44 /* Assets.xcassets */; };
		298D34762090C7C5003A4F44 /* LaunchScreen.storyboard in Resources */ = {isa = PBXBuildFile; fileRef = 298D34742090C7C5003A4F44 /* LaunchScreen.storyboard */; };
		29BEC4F520931143000D914E /* typeOfInjuryViewController.swift in Sources */ = {isa = PBXBuildFile; fileRef = 29BEC4F420931143000D914E /* typeOfInjuryViewController.swift */; };
		29BEC4F720931425000D914E /* bleedingViewController.swift in Sources */ = {isa = PBXBuildFile; fileRef = 29BEC4F620931425000D914E /* bleedingViewController.swift */; };
		53C80E012096EDA5009D49A0 /* BleedingViewControllerTableViewCell.swift in Sources */ = {isa = PBXBuildFile; fileRef = 53C80E002096EDA5009D49A0 /* BleedingViewControllerTableViewCell.swift */; };
		53C80E032096EE43009D49A0 /* BleedingViewViewController.swift in Sources */ = {isa = PBXBuildFile; fileRef = 53C80E022096EE43009D49A0 /* BleedingViewViewController.swift */; };
/* End PBXBuildFile section */

/* Begin PBXFileReference section */
		297120D6209701DC00ABDC01 /* typeOfInfectionViewController.swift */ = {isa = PBXFileReference; lastKnownFileType = sourcecode.swift; path = typeOfInfectionViewController.swift; sourceTree = "<group>"; };
		297120D82097021600ABDC01 /* typeOfBoneInjuryViewController.swift */ = {isa = PBXFileReference; lastKnownFileType = sourcecode.swift; path = typeOfBoneInjuryViewController.swift; sourceTree = "<group>"; };
		298D34682090C7C4003A4F44 /* MedGuide.app */ = {isa = PBXFileReference; explicitFileType = wrapper.application; includeInIndex = 0; path = MedGuide.app; sourceTree = BUILT_PRODUCTS_DIR; };
		298D346B2090C7C5003A4F44 /* AppDelegate.swift */ = {isa = PBXFileReference; lastKnownFileType = sourcecode.swift; path = AppDelegate.swift; sourceTree = "<group>"; };
		298D346D2090C7C5003A4F44 /* ViewController.swift */ = {isa = PBXFileReference; lastKnownFileType = sourcecode.swift; path = ViewController.swift; sourceTree = "<group>"; };
		298D34702090C7C5003A4F44 /* Base */ = {isa = PBXFileReference; lastKnownFileType = file.storyboard; name = Base; path = Base.lproj/Main.storyboard; sourceTree = "<group>"; };
		298D34722090C7C5003A4F44 /* Assets.xcassets */ = {isa = PBXFileReference; lastKnownFileType = folder.assetcatalog; path = Assets.xcassets; sourceTree = "<group>"; };
		298D34752090C7C5003A4F44 /* Base */ = {isa = PBXFileReference; lastKnownFileType = file.storyboard; name = Base; path = Base.lproj/LaunchScreen.storyboard; sourceTree = "<group>"; };
		298D34772090C7C5003A4F44 /* Info.plist */ = {isa = PBXFileReference; lastKnownFileType = text.plist.xml; path = Info.plist; sourceTree = "<group>"; };
		29BEC4F420931143000D914E /* typeOfInjuryViewController.swift */ = {isa = PBXFileReference; lastKnownFileType = sourcecode.swift; path = typeOfInjuryViewController.swift; sourceTree = "<group>"; };
		29BEC4F620931425000D914E /* bleedingViewController.swift */ = {isa = PBXFileReference; lastKnownFileType = sourcecode.swift; path = bleedingViewController.swift; sourceTree = "<group>"; };
		53C80E002096EDA5009D49A0 /* BleedingViewControllerTableViewCell.swift */ = {isa = PBXFileReference; lastKnownFileType = sourcecode.swift; path = BleedingViewControllerTableViewCell.swift; sourceTree = "<group>"; };
		53C80E022096EE43009D49A0 /* BleedingViewViewController.swift */ = {isa = PBXFileReference; lastKnownFileType = sourcecode.swift; path = BleedingViewViewController.swift; sourceTree = "<group>"; };
/* End PBXFileReference section */

/* Begin PBXFrameworksBuildPhase section */
		298D34652090C7C4003A4F44 /* Frameworks */ = {
			isa = PBXFrameworksBuildPhase;
			buildActionMask = 2147483647;
			files = (
			);
			runOnlyForDeploymentPostprocessing = 0;
		};
/* End PBXFrameworksBuildPhase section */

/* Begin PBXGroup section */
		298D345F2090C7C4003A4F44 = {
			isa = PBXGroup;
			children = (
				298D346A2090C7C4003A4F44 /* MedGuide */,
				298D34692090C7C4003A4F44 /* Products */,
			);
			sourceTree = "<group>";
		};
		298D34692090C7C4003A4F44 /* Products */ = {
			isa = PBXGroup;
			children = (
				298D34682090C7C4003A4F44 /* MedGuide.app */,
			);
			name = Products;
			sourceTree = "<group>";
		};
		298D346A2090C7C4003A4F44 /* MedGuide */ = {
			isa = PBXGroup;
			children = (
				298D346B2090C7C5003A4F44 /* AppDelegate.swift */,
				298D346D2090C7C5003A4F44 /* ViewController.swift */,
				298D346F2090C7C5003A4F44 /* Main.storyboard */,
				297120D82097021600ABDC01 /* typeOfBoneInjuryViewController.swift */,
				297120D6209701DC00ABDC01 /* typeOfInfectionViewController.swift */,
				29BEC4F620931425000D914E /* bleedingViewController.swift */,
				29BEC4F420931143000D914E /* typeOfInjuryViewController.swift */,
				298D34722090C7C5003A4F44 /* Assets.xcassets */,
				298D34742090C7C5003A4F44 /* LaunchScreen.storyboard */,
				298D34772090C7C5003A4F44 /* Info.plist */,
				53C80E002096EDA5009D49A0 /* BleedingViewControllerTableViewCell.swift */,
				53C80E022096EE43009D49A0 /* BleedingViewViewController.swift */,
			);
			path = MedGuide;
			sourceTree = "<group>";
		};
/* End PBXGroup section */

/* Begin PBXNativeTarget section */
		298D34672090C7C4003A4F44 /* MedGuide */ = {
			isa = PBXNativeTarget;
			buildConfigurationList = 298D347A2090C7C5003A4F44 /* Build configuration list for PBXNativeTarget "MedGuide" */;
			buildPhases = (
				298D34642090C7C4003A4F44 /* Sources */,
				298D34652090C7C4003A4F44 /* Frameworks */,
				298D34662090C7C4003A4F44 /* Resources */,
			);
			buildRules = (
			);
			dependencies = (
			);
			name = MedGuide;
			productName = MedGuide;
			productReference = 298D34682090C7C4003A4F44 /* MedGuide.app */;
			productType = "com.apple.product-type.application";
		};
/* End PBXNativeTarget section */

/* Begin PBXProject section */
		298D34602090C7C4003A4F44 /* Project object */ = {
			isa = PBXProject;
			attributes = {
				LastSwiftUpdateCheck = 0930;
				LastUpgradeCheck = 0930;
				ORGANIZATIONNAME = "Gior Fasolini";
				TargetAttributes = {
					298D34672090C7C4003A4F44 = {
						CreatedOnToolsVersion = 9.3;
					};
				};
			};
			buildConfigurationList = 298D34632090C7C4003A4F44 /* Build configuration list for PBXProject "MedGuide" */;
			compatibilityVersion = "Xcode 9.3";
			developmentRegion = en;
			hasScannedForEncodings = 0;
			knownRegions = (
				en,
				Base,
			);
			mainGroup = 298D345F2090C7C4003A4F44;
			productRefGroup = 298D34692090C7C4003A4F44 /* Products */;
			projectDirPath = "";
			projectRoot = "";
			targets = (
				298D34672090C7C4003A4F44 /* MedGuide */,
			);
		};
/* End PBXProject section */

/* Begin PBXResourcesBuildPhase section */
		298D34662090C7C4003A4F44 /* Resources */ = {
			isa = PBXResourcesBuildPhase;
			buildActionMask = 2147483647;
			files = (
				298D34762090C7C5003A4F44 /* LaunchScreen.storyboard in Resources */,
				298D34732090C7C5003A4F44 /* Assets.xcassets in Resources */,
				298D34712090C7C5003A4F44 /* Main.storyboard in Resources */,
			);
			runOnlyForDeploymentPostprocessing = 0;
		};
/* End PBXResourcesBuildPhase section */

/* Begin PBXSourcesBuildPhase section */
		298D34642090C7C4003A4F44 /* Sources */ = {
			isa = PBXSourcesBuildPhase;
			buildActionMask = 2147483647;
			files = (
				53C80E012096EDA5009D49A0 /* BleedingViewControllerTableViewCell.swift in Sources */,
				29BEC4F720931425000D914E /* bleedingViewController.swift in Sources */,
				297120D92097021600ABDC01 /* typeOfBoneInjuryViewController.swift in Sources */,
				297120D7209701DC00ABDC01 /* typeOfInfectionViewController.swift in Sources */,
				298D346E2090C7C5003A4F44 /* ViewController.swift in Sources */,
				298D346C2090C7C5003A4F44 /* AppDelegate.swift in Sources */,
				53C80E032096EE43009D49A0 /* BleedingViewViewController.swift in Sources */,
				29BEC4F520931143000D914E /* typeOfInjuryViewController.swift in Sources */,
			);
			runOnlyForDeploymentPostprocessing = 0;
		};
/* End PBXSourcesBuildPhase section */

/* Begin PBXVariantGroup section */
		298D346F2090C7C5003A4F44 /* Main.storyboard */ = {
			isa = PBXVariantGroup;
			children = (
				298D34702090C7C5003A4F44 /* Base */,
			);
			name = Main.storyboard;
			sourceTree = "<group>";
		};
		298D34742090C7C5003A4F44 /* LaunchScreen.storyboard */ = {
			isa = PBXVariantGroup;
			children = (
				298D34752090C7C5003A4F44 /* Base */,
			);
			name = LaunchScreen.storyboard;
			sourceTree = "<group>";
		};
/* End PBXVariantGroup section */

/* Begin XCBuildConfiguration section */
		298D34782090C7C5003A4F44 /* Debug */ = {
			isa = XCBuildConfiguration;
			buildSettings = {
				ALWAYS_SEARCH_USER_PATHS = NO;
				CLANG_ANALYZER_NONNULL = YES;
				CLANG_ANALYZER_NUMBER_OBJECT_CONVERSION = YES_AGGRESSIVE;
				CLANG_CXX_LANGUAGE_STANDARD = "gnu++14";
				CLANG_CXX_LIBRARY = "libc++";
				CLANG_ENABLE_MODULES = YES;
				CLANG_ENABLE_OBJC_ARC = YES;
				CLANG_ENABLE_OBJC_WEAK = YES;
				CLANG_WARN_BLOCK_CAPTURE_AUTORELEASING = YES;
				CLANG_WARN_BOOL_CONVERSION = YES;
				CLANG_WARN_COMMA = YES;
				CLANG_WARN_CONSTANT_CONVERSION = YES;
				CLANG_WARN_DEPRECATED_OBJC_IMPLEMENTATIONS = YES;
				CLANG_WARN_DIRECT_OBJC_ISA_USAGE = YES_ERROR;
				CLANG_WARN_DOCUMENTATION_COMMENTS = YES;
				CLANG_WARN_EMPTY_BODY = YES;
				CLANG_WARN_ENUM_CONVERSION = YES;
				CLANG_WARN_INFINITE_RECURSION = YES;
				CLANG_WARN_INT_CONVERSION = YES;
				CLANG_WARN_NON_LITERAL_NULL_CONVERSION = YES;
				CLANG_WARN_OBJC_IMPLICIT_RETAIN_SELF = YES;
				CLANG_WARN_OBJC_LITERAL_CONVERSION = YES;
				CLANG_WARN_OBJC_ROOT_CLASS = YES_ERROR;
				CLANG_WARN_RANGE_LOOP_ANALYSIS = YES;
				CLANG_WARN_STRICT_PROTOTYPES = YES;
				CLANG_WARN_SUSPICIOUS_MOVE = YES;
				CLANG_WARN_UNGUARDED_AVAILABILITY = YES_AGGRESSIVE;
				CLANG_WARN_UNREACHABLE_CODE = YES;
				CLANG_WARN__DUPLICATE_METHOD_MATCH = YES;
				CODE_SIGN_IDENTITY = "iPhone Developer";
				COPY_PHASE_STRIP = NO;
				DEBUG_INFORMATION_FORMAT = dwarf;
				ENABLE_STRICT_OBJC_MSGSEND = YES;
				ENABLE_TESTABILITY = YES;
				GCC_C_LANGUAGE_STANDARD = gnu11;
				GCC_DYNAMIC_NO_PIC = NO;
				GCC_NO_COMMON_BLOCKS = YES;
				GCC_OPTIMIZATION_LEVEL = 0;
				GCC_PREPROCESSOR_DEFINITIONS = (
					"DEBUG=1",
					"$(inherited)",
				);
				GCC_WARN_64_TO_32_BIT_CONVERSION = YES;
				GCC_WARN_ABOUT_RETURN_TYPE = YES_ERROR;
				GCC_WARN_UNDECLARED_SELECTOR = YES;
				GCC_WARN_UNINITIALIZED_AUTOS = YES_AGGRESSIVE;
				GCC_WARN_UNUSED_FUNCTION = YES;
				GCC_WARN_UNUSED_VARIABLE = YES;
				IPHONEOS_DEPLOYMENT_TARGET = 11.3;
				MTL_ENABLE_DEBUG_INFO = YES;
				ONLY_ACTIVE_ARCH = YES;
				SDKROOT = iphoneos;
				SWIFT_ACTIVE_COMPILATION_CONDITIONS = DEBUG;
				SWIFT_OPTIMIZATION_LEVEL = "-Onone";
			};
			name = Debug;
		};
		298D34792090C7C5003A4F44 /* Release */ = {
			isa = XCBuildConfiguration;
			buildSettings = {
				ALWAYS_SEARCH_USER_PATHS = NO;
				CLANG_ANALYZER_NONNULL = YES;
				CLANG_ANALYZER_NUMBER_OBJECT_CONVERSION = YES_AGGRESSIVE;
				CLANG_CXX_LANGUAGE_STANDARD = "gnu++14";
				CLANG_CXX_LIBRARY = "libc++";
				CLANG_ENABLE_MODULES = YES;
				CLANG_ENABLE_OBJC_ARC = YES;
				CLANG_ENABLE_OBJC_WEAK = YES;
				CLANG_WARN_BLOCK_CAPTURE_AUTORELEASING = YES;
				CLANG_WARN_BOOL_CONVERSION = YES;
				CLANG_WARN_COMMA = YES;
				CLANG_WARN_CONSTANT_CONVERSION = YES;
				CLANG_WARN_DEPRECATED_OBJC_IMPLEMENTATIONS = YES;
				CLANG_WARN_DIRECT_OBJC_ISA_USAGE = YES_ERROR;
				CLANG_WARN_DOCUMENTATION_COMMENTS = YES;
				CLANG_WARN_EMPTY_BODY = YES;
				CLANG_WARN_ENUM_CONVERSION = YES;
				CLANG_WARN_INFINITE_RECURSION = YES;
				CLANG_WARN_INT_CONVERSION = YES;
				CLANG_WARN_NON_LITERAL_NULL_CONVERSION = YES;
				CLANG_WARN_OBJC_IMPLICIT_RETAIN_SELF = YES;
				CLANG_WARN_OBJC_LITERAL_CONVERSION = YES;
				CLANG_WARN_OBJC_ROOT_CLASS = YES_ERROR;
				CLANG_WARN_RANGE_LOOP_ANALYSIS = YES;
				CLANG_WARN_STRICT_PROTOTYPES = YES;
				CLANG_WARN_SUSPICIOUS_MOVE = YES;
				CLANG_WARN_UNGUARDED_AVAILABILITY = YES_AGGRESSIVE;
				CLANG_WARN_UNREACHABLE_CODE = YES;
				CLANG_WARN__DUPLICATE_METHOD_MATCH = YES;
				CODE_SIGN_IDENTITY = "iPhone Developer";
				COPY_PHASE_STRIP = NO;
				DEBUG_INFORMATION_FORMAT = "dwarf-with-dsym";
				ENABLE_NS_ASSERTIONS = NO;
				ENABLE_STRICT_OBJC_MSGSEND = YES;
				GCC_C_LANGUAGE_STANDARD = gnu11;
				GCC_NO_COMMON_BLOCKS = YES;
				GCC_WARN_64_TO_32_BIT_CONVERSION = YES;
				GCC_WARN_ABOUT_RETURN_TYPE = YES_ERROR;
				GCC_WARN_UNDECLARED_SELECTOR = YES;
				GCC_WARN_UNINITIALIZED_AUTOS = YES_AGGRESSIVE;
				GCC_WARN_UNUSED_FUNCTION = YES;
				GCC_WARN_UNUSED_VARIABLE = YES;
				IPHONEOS_DEPLOYMENT_TARGET = 11.3;
				MTL_ENABLE_DEBUG_INFO = NO;
				SDKROOT = iphoneos;
				SWIFT_COMPILATION_MODE = wholemodule;
				SWIFT_OPTIMIZATION_LEVEL = "-O";
				VALIDATE_PRODUCT = YES;
			};
			name = Release;
		};
		298D347B2090C7C5003A4F44 /* Debug */ = {
			isa = XCBuildConfiguration;
			buildSettings = {
				ASSETCATALOG_COMPILER_APPICON_NAME = AppIcon;
				CODE_SIGN_STYLE = Automatic;
				DEVELOPMENT_TEAM = "";
				INFOPLIST_FILE = MedGuide/Info.plist;
				LD_RUNPATH_SEARCH_PATHS = (
					"$(inherited)",
					"@executable_path/Frameworks",
				);
				PRODUCT_BUNDLE_IDENTIFIER = com.example.MedGuide;
				PRODUCT_NAME = "$(TARGET_NAME)";
				SWIFT_VERSION = 4.0;
				TARGETED_DEVICE_FAMILY = "1,2";
			};
			name = Debug;
		};
		298D347C2090C7C5003A4F44 /* Release */ = {
			isa = XCBuildConfiguration;
			buildSettings = {
				ASSETCATALOG_COMPILER_APPICON_NAME = AppIcon;
				CODE_SIGN_STYLE = Automatic;
				DEVELOPMENT_TEAM = "";
				INFOPLIST_FILE = MedGuide/Info.plist;
				LD_RUNPATH_SEARCH_PATHS = (
					"$(inherited)",
					"@executable_path/Frameworks",
				);
				PRODUCT_BUNDLE_IDENTIFIER = com.example.MedGuide;
				PRODUCT_NAME = "$(TARGET_NAME)";
				SWIFT_VERSION = 4.0;
				TARGETED_DEVICE_FAMILY = "1,2";
			};
			name = Release;
		};
/* End XCBuildConfiguration section */

/* Begin XCConfigurationList section */
		298D34632090C7C4003A4F44 /* Build configuration list for PBXProject "MedGuide" */ = {
			isa = XCConfigurationList;
			buildConfigurations = (
				298D34782090C7C5003A4F44 /* Debug */,
				298D34792090C7C5003A4F44 /* Release */,
			);
			defaultConfigurationIsVisible = 0;
			defaultConfigurationName = Release;
		};
		298D347A2090C7C5003A4F44 /* Build configuration list for PBXNativeTarget "MedGuide" */ = {
			isa = XCConfigurationList;
			buildConfigurations = (
				298D347B2090C7C5003A4F44 /* Debug */,
				298D347C2090C7C5003A4F44 /* Release */,
			);
			defaultConfigurationIsVisible = 0;
			defaultConfigurationName = Release;
		};
/* End XCConfigurationList section */
	};
	rootObject = 298D34602090C7C4003A4F44 /* Project object */;
}
